
Microsoft Visual Studio Solution File, Format Version 12.00
# Visual Studio Version 16
VisualStudioVersion = 16.0.30907.101
MinimumVisualStudioVersion = 10.0.40219.1
Project("{9A19103F-16F7-4668-BE54-9A1E7A4F7556}") = "Business", "Business\Business.csproj", "{B05AA956-ADEA-44A1-B4B1-927D8BA5AC69}"
EndProject
Project("{9A19103F-16F7-4668-BE54-9A1E7A4F7556}") = "Entities", "Entities\Entities.csproj", "{8C1DFF09-3835-4C1B-93D4-BDCE9BAA4378}"
EndProject
Project("{9A19103F-16F7-4668-BE54-9A1E7A4F7556}") = "DataAccess", "DataAccess\DataAccess.csproj", "{65351B04-5B8E-4333-BA7C-72CDBA29D5F1}"
EndProject
Project("{FAE04EC0-301F-11D3-BF4B-00C04F79EFBC}") = "ConsoleUI", "ConsoleUI\ConsoleUI.csproj", "{9B979664-657D-44A3-89E7-F00A8B441412}"
EndProject
Global
	GlobalSection(SolutionConfigurationPlatforms) = preSolution
		Debug|Any CPU = Debug|Any CPU
		Release|Any CPU = Release|Any CPU
	EndGlobalSection
	GlobalSection(ProjectConfigurationPlatforms) = postSolution
		{B05AA956-ADEA-44A1-B4B1-927D8BA5AC69}.Debug|Any CPU.ActiveCfg = Debug|Any CPU
		{B05AA956-ADEA-44A1-B4B1-927D8BA5AC69}.Debug|Any CPU.Build.0 = Debug|Any CPU
		{B05AA956-ADEA-44A1-B4B1-927D8BA5AC69}.Release|Any CPU.ActiveCfg = Release|Any CPU
		{B05AA956-ADEA-44A1-B4B1-927D8BA5AC69}.Release|Any CPU.Build.0 = Release|Any CPU
		{8C1DFF09-3835-4C1B-93D4-BDCE9BAA4378}.Debug|Any CPU.ActiveCfg = Debug|Any CPU
		{8C1DFF09-3835-4C1B-93D4-BDCE9BAA4378}.Debug|Any CPU.Build.0 = Debug|Any CPU
		{8C1DFF09-3835-4C1B-93D4-BDCE9BAA4378}.Release|Any CPU.ActiveCfg = Release|Any CPU
		{8C1DFF09-3835-4C1B-93D4-BDCE9BAA4378}.Release|Any CPU.Build.0 = Release|Any CPU
		{65351B04-5B8E-4333-BA7C-72CDBA29D5F1}.Debug|Any CPU.ActiveCfg = Debug|Any CPU
		{65351B04-5B8E-4333-BA7C-72CDBA29D5F1}.Debug|Any CPU.Build.0 = Debug|Any CPU
		{65351B04-5B8E-4333-BA7C-72CDBA29D5F1}.Release|Any CPU.ActiveCfg = Release|Any CPU
		{65351B04-5B8E-4333-BA7C-72CDBA29D5F1}.Release|Any CPU.Build.0 = Release|Any CPU
		{9B979664-657D-44A3-89E7-F00A8B441412}.Debug|Any CPU.ActiveCfg = Debug|Any CPU
		{9B979664-657D-44A3-89E7-F00A8B441412}.Debug|Any CPU.Build.0 = Debug|Any CPU
		{9B979664-657D-44A3-89E7-F00A8B441412}.Release|Any CPU.ActiveCfg = Release|Any CPU
		{9B979664-657D-44A3-89E7-F00A8B441412}.Release|Any CPU.Build.0 = Release|Any CPU
	EndGlobalSection
	GlobalSection(SolutionProperties) = preSolution
		HideSolutionNode = FALSE
	EndGlobalSection
	GlobalSection(ExtensibilityGlobals) = postSolution
		SolutionGuid = {940E6E89-B807-4C71-B6F1-E335D39E1837}
	EndGlobalSection
EndGlobal
